
Microsoft Visual Studio Solution File, Format Version 12.00
# Visual Studio 15
VisualStudioVersion = 15.0.28307.489
MinimumVisualStudioVersion = 10.0.40219.1
Project("{FAE04EC0-301F-11D3-BF4B-00C04F79EFBC}") = "ProLeasingServices", "ProLeasingServices\ProLeasingServices.csproj", "{28F160B6-C4FF-4490-94EC-B69E08B7BE11}"
EndProject
Project("{FAE04EC0-301F-11D3-BF4B-00C04F79EFBC}") = "ProLeasing", "ProLeasing\ProLeasing.csproj", "{44393D42-8ABB-4A63-B8BA-907CC6FF4DA7}"
EndProject
Global
	GlobalSection(SolutionConfigurationPlatforms) = preSolution
		Debug|Any CPU = Debug|Any CPU
		Release|Any CPU = Release|Any CPU
	EndGlobalSection
	GlobalSection(ProjectConfigurationPlatforms) = postSolution
		{28F160B6-C4FF-4490-94EC-B69E08B7BE11}.Debug|Any CPU.ActiveCfg = Debug|Any CPU
		{28F160B6-C4FF-4490-94EC-B69E08B7BE11}.Debug|Any CPU.Build.0 = Debug|Any CPU
		{28F160B6-C4FF-4490-94EC-B69E08B7BE11}.Release|Any CPU.ActiveCfg = Release|Any CPU
		{28F160B6-C4FF-4490-94EC-B69E08B7BE11}.Release|Any CPU.Build.0 = Release|Any CPU
		{44393D42-8ABB-4A63-B8BA-907CC6FF4DA7}.Debug|Any CPU.ActiveCfg = Debug|Any CPU
		{44393D42-8ABB-4A63-B8BA-907CC6FF4DA7}.Debug|Any CPU.Build.0 = Debug|Any CPU
		{44393D42-8ABB-4A63-B8BA-907CC6FF4DA7}.Release|Any CPU.ActiveCfg = Release|Any CPU
		{44393D42-8ABB-4A63-B8BA-907CC6FF4DA7}.Release|Any CPU.Build.0 = Release|Any CPU
	EndGlobalSection
	GlobalSection(SolutionProperties) = preSolution
		HideSolutionNode = FALSE
	EndGlobalSection
	GlobalSection(ExtensibilityGlobals) = postSolution
		SolutionGuid = {0B0771DC-F8F6-4662-8E96-B8352F7BD7AC}
	EndGlobalSection
EndGlobal
